
Microsoft Visual Studio Solution File, Format Version 12.00
# Visual Studio 14
VisualStudioVersion = 14.0.25420.1
MinimumVisualStudioVersion = 10.0.40219.1
Project("{FAE04EC0-301F-11D3-BF4B-00C04F79EFBC}") = "GUI", "GUI\GUI.csproj", "{9AB977F8-6977-4344-8730-358F0A186E20}"
EndProject
Project("{FAE04EC0-301F-11D3-BF4B-00C04F79EFBC}") = "Service", "Service\Service.csproj", "{C5E99D43-5519-4B78-ABD5-B7D7A9DC5E4B}"
EndProject
Project("{2150E333-8FDC-42A3-9474-1A3956D46DE8}") = "Images", "Images", "{F51A04DE-2663-48AC-B9FC-39968108FF67}"
	ProjectSection(SolutionItems) = preProject
		Images\image_test_1.bmp = Images\image_test_1.bmp
	EndProjectSection
EndProject
Global
	GlobalSection(SolutionConfigurationPlatforms) = preSolution
		Debug|Any CPU = Debug|Any CPU
		Release|Any CPU = Release|Any CPU
	EndGlobalSection
	GlobalSection(ProjectConfigurationPlatforms) = postSolution
		{9AB977F8-6977-4344-8730-358F0A186E20}.Debug|Any CPU.ActiveCfg = Debug|Any CPU
		{9AB977F8-6977-4344-8730-358F0A186E20}.Debug|Any CPU.Build.0 = Debug|Any CPU
		{9AB977F8-6977-4344-8730-358F0A186E20}.Release|Any CPU.ActiveCfg = Release|Any CPU
		{9AB977F8-6977-4344-8730-358F0A186E20}.Release|Any CPU.Build.0 = Release|Any CPU
		{C5E99D43-5519-4B78-ABD5-B7D7A9DC5E4B}.Debug|Any CPU.ActiveCfg = Debug|Any CPU
		{C5E99D43-5519-4B78-ABD5-B7D7A9DC5E4B}.Debug|Any CPU.Build.0 = Debug|Any CPU
		{C5E99D43-5519-4B78-ABD5-B7D7A9DC5E4B}.Release|Any CPU.ActiveCfg = Release|Any CPU
		{C5E99D43-5519-4B78-ABD5-B7D7A9DC5E4B}.Release|Any CPU.Build.0 = Release|Any CPU
	EndGlobalSection
	GlobalSection(SolutionProperties) = preSolution
		HideSolutionNode = FALSE
	EndGlobalSection
EndGlobal
